
Microsoft Visual Studio Solution File, Format Version 12.00
# Visual Studio Version 16
VisualStudioVersion = 16.0.30114.105
MinimumVisualStudioVersion = 10.0.40219.1
Project("{FAE04EC0-301F-11D3-BF4B-00C04F79EFBC}") = "R5T.Glyfada.Base", "R5T.Glyfada.Base\R5T.Glyfada.Base.csproj", "{534CB498-1F44-46FB-8058-06D7543ABCD8}"
EndProject
Project("{FAE04EC0-301F-11D3-BF4B-00C04F79EFBC}") = "R5T.Glyfada.Base.Construction", "R5T.Glyfada.Base.Construction\R5T.Glyfada.Base.Construction.csproj", "{10953472-67A4-448B-A069-424BD8CFDE17}"
EndProject
Project("{2150E333-8FDC-42A3-9474-1A3956D46DE8}") = "_Dependencies", "_Dependencies", "{5E1F0F23-63AB-4BCC-8925-686048903913}"
EndProject
Project("{FAE04EC0-301F-11D3-BF4B-00C04F79EFBC}") = "R5T.T0064", "..\..\R5T.T0064\source\R5T.T0064\R5T.T0064.csproj", "{81261C84-7B77-438F-A9CA-94148FF85FF8}"
EndProject
Global
	GlobalSection(SolutionConfigurationPlatforms) = preSolution
		Debug|Any CPU = Debug|Any CPU
		Debug|x64 = Debug|x64
		Debug|x86 = Debug|x86
		Release|Any CPU = Release|Any CPU
		Release|x64 = Release|x64
		Release|x86 = Release|x86
	EndGlobalSection
	GlobalSection(SolutionProperties) = preSolution
		HideSolutionNode = FALSE
	EndGlobalSection
	GlobalSection(ProjectConfigurationPlatforms) = postSolution
		{534CB498-1F44-46FB-8058-06D7543ABCD8}.Debug|Any CPU.ActiveCfg = Debug|Any CPU
		{534CB498-1F44-46FB-8058-06D7543ABCD8}.Debug|Any CPU.Build.0 = Debug|Any CPU
		{534CB498-1F44-46FB-8058-06D7543ABCD8}.Debug|x64.ActiveCfg = Debug|Any CPU
		{534CB498-1F44-46FB-8058-06D7543ABCD8}.Debug|x64.Build.0 = Debug|Any CPU
		{534CB498-1F44-46FB-8058-06D7543ABCD8}.Debug|x86.ActiveCfg = Debug|Any CPU
		{534CB498-1F44-46FB-8058-06D7543ABCD8}.Debug|x86.Build.0 = Debug|Any CPU
		{534CB498-1F44-46FB-8058-06D7543ABCD8}.Release|Any CPU.ActiveCfg = Release|Any CPU
		{534CB498-1F44-46FB-8058-06D7543ABCD8}.Release|Any CPU.Build.0 = Release|Any CPU
		{534CB498-1F44-46FB-8058-06D7543ABCD8}.Release|x64.ActiveCfg = Release|Any CPU
		{534CB498-1F44-46FB-8058-06D7543ABCD8}.Release|x64.Build.0 = Release|Any CPU
		{534CB498-1F44-46FB-8058-06D7543ABCD8}.Release|x86.ActiveCfg = Release|Any CPU
		{534CB498-1F44-46FB-8058-06D7543ABCD8}.Release|x86.Build.0 = Release|Any CPU
		{10953472-67A4-448B-A069-424BD8CFDE17}.Debug|Any CPU.ActiveCfg = Debug|Any CPU
		{10953472-67A4-448B-A069-424BD8CFDE17}.Debug|Any CPU.Build.0 = Debug|Any CPU
		{10953472-67A4-448B-A069-424BD8CFDE17}.Debug|x64.ActiveCfg = Debug|Any CPU
		{10953472-67A4-448B-A069-424BD8CFDE17}.Debug|x64.Build.0 = Debug|Any CPU
		{10953472-67A4-448B-A069-424BD8CFDE17}.Debug|x86.ActiveCfg = Debug|Any CPU
		{10953472-67A4-448B-A069-424BD8CFDE17}.Debug|x86.Build.0 = Debug|Any CPU
		{10953472-67A4-448B-A069-424BD8CFDE17}.Release|Any CPU.ActiveCfg = Release|Any CPU
		{10953472-67A4-448B-A069-424BD8CFDE17}.Release|Any CPU.Build.0 = Release|Any CPU
		{10953472-67A4-448B-A069-424BD8CFDE17}.Release|x64.ActiveCfg = Release|Any CPU
		{10953472-67A4-448B-A069-424BD8CFDE17}.Release|x64.Build.0 = Release|Any CPU
		{10953472-67A4-448B-A069-424BD8CFDE17}.Release|x86.ActiveCfg = Release|Any CPU
		{10953472-67A4-448B-A069-424BD8CFDE17}.Release|x86.Build.0 = Release|Any CPU
		{81261C84-7B77-438F-A9CA-94148FF85FF8}.Debug|Any CPU.ActiveCfg = Debug|Any CPU
		{81261C84-7B77-438F-A9CA-94148FF85FF8}.Debug|Any CPU.Build.0 = Debug|Any CPU
		{81261C84-7B77-438F-A9CA-94148FF85FF8}.Debug|x64.ActiveCfg = Debug|Any CPU
		{81261C84-7B77-438F-A9CA-94148FF85FF8}.Debug|x64.Build.0 = Debug|Any CPU
		{81261C84-7B77-438F-A9CA-94148FF85FF8}.Debug|x86.ActiveCfg = Debug|Any CPU
		{81261C84-7B77-438F-A9CA-94148FF85FF8}.Debug|x86.Build.0 = Debug|Any CPU
		{81261C84-7B77-438F-A9CA-94148FF85FF8}.Release|Any CPU.ActiveCfg = Release|Any CPU
		{81261C84-7B77-438F-A9CA-94148FF85FF8}.Release|Any CPU.Build.0 = Release|Any CPU
		{81261C84-7B77-438F-A9CA-94148FF85FF8}.Release|x64.ActiveCfg = Release|Any CPU
		{81261C84-7B77-438F-A9CA-94148FF85FF8}.Release|x64.Build.0 = Release|Any CPU
		{81261C84-7B77-438F-A9CA-94148FF85FF8}.Release|x86.ActiveCfg = Release|Any CPU
		{81261C84-7B77-438F-A9CA-94148FF85FF8}.Release|x86.Build.0 = Release|Any CPU
	EndGlobalSection
	GlobalSection(NestedProjects) = preSolution
		{81261C84-7B77-438F-A9CA-94148FF85FF8} = {5E1F0F23-63AB-4BCC-8925-686048903913}
	EndGlobalSection
EndGlobal
